{
  "name": "hermes-railway",
  "version": "1.0.0",
  "lockfileVersion": 3,
  "requires": true,
  "packages": {
    "": {
      "name": "hermes-railway",
      "version": "1.0.0",
      "dependencies": {
        "hermes-agent": "0.16.0"
      },
      "engines": {
        "node": ">=20.0.0"
      }
    },
    "node_modules/hermes-agent": {
      "version": "0.16.0",
      "resolved": "https://registry.npmjs.org/hermes-agent/-/hermes-agent-0.16.0.tgz",
      "integrity": "sha512-OkVjqJbg5DDXdqYg3QeJnQ06GqEzjfvUqcutixxFTd2BQHuopISwu24zQhKnq9fxnG+SDTcFkVcr74ZGUZYM5w==",
      "hasInstallScript": true,
      "license": "MIT",
      "bin": {
        "hermes": "bin/hermes.js",
        "hermes-agent": "bin/hermes-agent.js"
      },
      "engines": {
        "node": ">=20.0.0"
      }
    }
  }
}
